
Microsoft Visual Studio Solution File, Format Version 12.00
# Visual Studio Version 16
VisualStudioVersion = 16.0.31321.278
MinimumVisualStudioVersion = 10.0.40219.1
Project("{9A19103F-16F7-4668-BE54-9A1E7A4F7556}") = "QandA", "QandA.csproj", "{20434296-7C8F-420F-977A-D00DCCE2C663}"
EndProject
Project("{FAE04EC0-301F-11D3-BF4B-00C04F79EFBC}") = "BackendTests", "..\BackendTests\BackendTests.csproj", "{A2397591-4B88-4316-BB79-1868DA6358B3}"
EndProject
Global
	GlobalSection(SolutionConfigurationPlatforms) = preSolution
		Debug|Any CPU = Debug|Any CPU
		Release|Any CPU = Release|Any CPU
	EndGlobalSection
	GlobalSection(ProjectConfigurationPlatforms) = postSolution
		{20434296-7C8F-420F-977A-D00DCCE2C663}.Debug|Any CPU.ActiveCfg = Debug|Any CPU
		{20434296-7C8F-420F-977A-D00DCCE2C663}.Debug|Any CPU.Build.0 = Debug|Any CPU
		{20434296-7C8F-420F-977A-D00DCCE2C663}.Release|Any CPU.ActiveCfg = Release|Any CPU
		{20434296-7C8F-420F-977A-D00DCCE2C663}.Release|Any CPU.Build.0 = Release|Any CPU
		{A2397591-4B88-4316-BB79-1868DA6358B3}.Debug|Any CPU.ActiveCfg = Debug|Any CPU
		{A2397591-4B88-4316-BB79-1868DA6358B3}.Debug|Any CPU.Build.0 = Debug|Any CPU
		{A2397591-4B88-4316-BB79-1868DA6358B3}.Release|Any CPU.ActiveCfg = Release|Any CPU
		{A2397591-4B88-4316-BB79-1868DA6358B3}.Release|Any CPU.Build.0 = Release|Any CPU
	EndGlobalSection
	GlobalSection(SolutionProperties) = preSolution
		HideSolutionNode = FALSE
	EndGlobalSection
	GlobalSection(ExtensibilityGlobals) = postSolution
		SolutionGuid = {72ED59E6-AAC2-48B9-BCBB-DCE572BCA503}
	EndGlobalSection
EndGlobal
